{
  "name": "Photobooth",
  "lockfileVersion": 3,
  "requires": true,
  "packages": {
    "": {
      "dependencies": {
        "kioskboard": "^2.3.0"
      }
    },
    "node_modules/kioskboard": {
      "version": "2.3.0",
      "resolved": "https://registry.npmjs.org/kioskboard/-/kioskboard-2.3.0.tgz",
      "integrity": "sha512-dR5ZcNXpV22rDz+OELYxi3LsBc49j82witHZQWfMmsT6DIMZSqIXEoJo2uCTR3mDBzW75puwyHrnqNWrvUO+Qg=="
    }
  }
}
